# This file is automatically @generated by Cargo.
# It is not intended for manual editing.
[[package]]
name = "autocfg"
version = "1.0.1"
source = "registry+https://github.com/rust-lang/crates.io-index"

[[package]]
name = "engine"
version = "0.1.0"
dependencies = [
 "priority-queue 1.0.0 (registry+https://github.com/rust-lang/crates.io-index)",
]

[[package]]
name = "hashbrown"
version = "0.9.1"
source = "registry+https://github.com/rust-lang/crates.io-index"

[[package]]
name = "indexmap"
version = "1.6.0"
source = "registry+https://github.com/rust-lang/crates.io-index"
dependencies = [
 "autocfg 1.0.1 (registry+https://github.com/rust-lang/crates.io-index)",
 "hashbrown 0.9.1 (registry+https://github.com/rust-lang/crates.io-index)",
]

[[package]]
name = "priority-queue"
version = "1.0.0"
source = "registry+https://github.com/rust-lang/crates.io-index"
dependencies = [
 "autocfg 1.0.1 (registry+https://github.com/rust-lang/crates.io-index)",
 "indexmap 1.6.0 (registry+https://github.com/rust-lang/crates.io-index)",
]

[metadata]
"checksum autocfg 1.0.1 (registry+https://github.com/rust-lang/crates.io-index)" = "cdb031dd78e28731d87d56cc8ffef4a8f36ca26c38fe2de700543e627f8a464a"
"checksum hashbrown 0.9.1 (registry+https://github.com/rust-lang/crates.io-index)" = "d7afe4a420e3fe79967a00898cc1f4db7c8a49a9333a29f8a4bd76a253d5cd04"
"checksum indexmap 1.6.0 (registry+https://github.com/rust-lang/crates.io-index)" = "55e2e4c765aa53a0424761bf9f41aa7a6ac1efa87238f59560640e27fca028f2"
"checksum priority-queue 1.0.0 (registry+https://github.com/rust-lang/crates.io-index)" = "5ce18e1ee7a46cbd356679b420c77ee6c40f0a91ed012c925ca203041c0ef68d"
